
Microsoft Visual Studio Solution File, Format Version 12.00
# Visual Studio Version 17
VisualStudioVersion = 17.11.35312.102
MinimumVisualStudioVersion = 10.0.40219.1
Project("{FAE04EC0-301F-11D3-BF4B-00C04F79EFBC}") = "RandomDrive", "RandomDrive\RandomDrive.csproj", "{BC1B5625-69ED-4EA0-8655-7C1CC8375E06}"
EndProject
Global
	GlobalSection(SolutionConfigurationPlatforms) = preSolution
		Debug|Any CPU = Debug|Any CPU
		Release|Any CPU = Release|Any CPU
	EndGlobalSection
	GlobalSection(ProjectConfigurationPlatforms) = postSolution
		{BC1B5625-69ED-4EA0-8655-7C1CC8375E06}.Debug|Any CPU.ActiveCfg = Debug|Any CPU
		{BC1B5625-69ED-4EA0-8655-7C1CC8375E06}.Debug|Any CPU.Build.0 = Debug|Any CPU
		{BC1B5625-69ED-4EA0-8655-7C1CC8375E06}.Release|Any CPU.ActiveCfg = Release|Any CPU
		{BC1B5625-69ED-4EA0-8655-7C1CC8375E06}.Release|Any CPU.Build.0 = Release|Any CPU
	EndGlobalSection
	GlobalSection(SolutionProperties) = preSolution
		HideSolutionNode = FALSE
	EndGlobalSection
	GlobalSection(ExtensibilityGlobals) = postSolution
		SolutionGuid = {9F5F1A60-E845-4C1D-98AD-2F97DBBD12FA}
	EndGlobalSection
EndGlobal
